
Microsoft Visual Studio Solution File, Format Version 12.00
# Visual Studio 15
VisualStudioVersion = 15.0.26730.16
MinimumVisualStudioVersion = 10.0.40219.1
Project("{FAE04EC0-301F-11D3-BF4B-00C04F79EFBC}") = "xml_get_namespaces", "xml_get_namespaces\xml_get_namespaces.csproj", "{E11647FF-7F49-40F3-9569-ADD06BD147FB}"
EndProject
Global
	GlobalSection(SolutionConfigurationPlatforms) = preSolution
		Debug|Any CPU = Debug|Any CPU
		Release|Any CPU = Release|Any CPU
	EndGlobalSection
	GlobalSection(ProjectConfigurationPlatforms) = postSolution
		{E11647FF-7F49-40F3-9569-ADD06BD147FB}.Debug|Any CPU.ActiveCfg = Debug|Any CPU
		{E11647FF-7F49-40F3-9569-ADD06BD147FB}.Debug|Any CPU.Build.0 = Debug|Any CPU
		{E11647FF-7F49-40F3-9569-ADD06BD147FB}.Release|Any CPU.ActiveCfg = Release|Any CPU
		{E11647FF-7F49-40F3-9569-ADD06BD147FB}.Release|Any CPU.Build.0 = Release|Any CPU
	EndGlobalSection
	GlobalSection(SolutionProperties) = preSolution
		HideSolutionNode = FALSE
	EndGlobalSection
	GlobalSection(ExtensibilityGlobals) = postSolution
		SolutionGuid = {905C3BF8-B8F8-4EBC-9493-3C923445A6BA}
	EndGlobalSection
EndGlobal
